
Microsoft Visual Studio Solution File, Format Version 12.00
# Visual Studio Version 17
VisualStudioVersion = 17.8.34322.80
MinimumVisualStudioVersion = 10.0.40219.1
Project("{FAE04EC0-301F-11D3-BF4B-00C04F79EFBC}") = "Scripts", "Scripts\Scripts.csproj", "{4F9F4BB8-D2FA-42C7-95A2-925332B0D7A4}"
EndProject
Global
	GlobalSection(SolutionConfigurationPlatforms) = preSolution
		Debug|Any CPU = Debug|Any CPU
		Release|Any CPU = Release|Any CPU
	EndGlobalSection
	GlobalSection(ProjectConfigurationPlatforms) = postSolution
		{4F9F4BB8-D2FA-42C7-95A2-925332B0D7A4}.Debug|Any CPU.ActiveCfg = Debug|Any CPU
		{4F9F4BB8-D2FA-42C7-95A2-925332B0D7A4}.Debug|Any CPU.Build.0 = Debug|Any CPU
		{4F9F4BB8-D2FA-42C7-95A2-925332B0D7A4}.Release|Any CPU.ActiveCfg = Release|Any CPU
		{4F9F4BB8-D2FA-42C7-95A2-925332B0D7A4}.Release|Any CPU.Build.0 = Release|Any CPU
	EndGlobalSection
	GlobalSection(SolutionProperties) = preSolution
		HideSolutionNode = FALSE
	EndGlobalSection
	GlobalSection(ExtensibilityGlobals) = postSolution
		SolutionGuid = {B54C8044-15C5-457C-8BB3-70678DBBD8B4}
	EndGlobalSection
EndGlobal
